
Microsoft Visual Studio Solution File, Format Version 12.00
# Visual Studio 14
VisualStudioVersion = 14.0.25420.1
MinimumVisualStudioVersion = 10.0.40219.1
Project("{FAE04EC0-301F-11D3-BF4B-00C04F79EFBC}") = "SendInBlue", "SendInBlue\SendInBlue.csproj", "{B28087F2-4EF5-4D4E-B579-3EDE12D3D0EB}"
EndProject
Project("{FAE04EC0-301F-11D3-BF4B-00C04F79EFBC}") = "SendInBlue.Test", "SendInBlue.Test\SendInBlue.Test.csproj", "{C42E0136-2618-4D62-AECC-E3BD1A15A0A9}"
EndProject
Global
	GlobalSection(SolutionConfigurationPlatforms) = preSolution
		Debug|Any CPU = Debug|Any CPU
		Release|Any CPU = Release|Any CPU
	EndGlobalSection
	GlobalSection(ProjectConfigurationPlatforms) = postSolution
		{B28087F2-4EF5-4D4E-B579-3EDE12D3D0EB}.Debug|Any CPU.ActiveCfg = Debug|Any CPU
		{B28087F2-4EF5-4D4E-B579-3EDE12D3D0EB}.Debug|Any CPU.Build.0 = Debug|Any CPU
		{B28087F2-4EF5-4D4E-B579-3EDE12D3D0EB}.Release|Any CPU.ActiveCfg = Release|Any CPU
		{B28087F2-4EF5-4D4E-B579-3EDE12D3D0EB}.Release|Any CPU.Build.0 = Release|Any CPU
		{C42E0136-2618-4D62-AECC-E3BD1A15A0A9}.Debug|Any CPU.ActiveCfg = Debug|Any CPU
		{C42E0136-2618-4D62-AECC-E3BD1A15A0A9}.Debug|Any CPU.Build.0 = Debug|Any CPU
		{C42E0136-2618-4D62-AECC-E3BD1A15A0A9}.Release|Any CPU.ActiveCfg = Release|Any CPU
		{C42E0136-2618-4D62-AECC-E3BD1A15A0A9}.Release|Any CPU.Build.0 = Release|Any CPU
	EndGlobalSection
	GlobalSection(SolutionProperties) = preSolution
		HideSolutionNode = FALSE
	EndGlobalSection
EndGlobal
